
Microsoft Visual Studio Solution File, Format Version 12.00
# Visual Studio 15
VisualStudioVersion = 15.0.28307.779
MinimumVisualStudioVersion = 10.0.40219.1
Project("{FAE04EC0-301F-11D3-BF4B-00C04F79EFBC}") = "BusinessRuleEngine", "BusinessRuleEngine\BusinessRuleEngine.csproj", "{C07B59EA-3122-40F3-96EC-249D24227537}"
EndProject
Project("{FAE04EC0-301F-11D3-BF4B-00C04F79EFBC}") = "BusinessRuleEngineUnitTest", "BusinessRuleEngineUnitTest\BusinessRuleEngineUnitTest.csproj", "{4418C899-D912-41CA-BF7A-4B762FAC4876}"
EndProject
Project("{FAE04EC0-301F-11D3-BF4B-00C04F79EFBC}") = "BusinessRuleEngineClient", "BusinessRuleEngineClient\BusinessRuleEngineClient.csproj", "{07DFC04E-515D-4891-85F2-1341B2A43ED6}"
EndProject
Global
	GlobalSection(SolutionConfigurationPlatforms) = preSolution
		Debug|Any CPU = Debug|Any CPU
		Release|Any CPU = Release|Any CPU
	EndGlobalSection
	GlobalSection(ProjectConfigurationPlatforms) = postSolution
		{C07B59EA-3122-40F3-96EC-249D24227537}.Debug|Any CPU.ActiveCfg = Debug|Any CPU
		{C07B59EA-3122-40F3-96EC-249D24227537}.Debug|Any CPU.Build.0 = Debug|Any CPU
		{C07B59EA-3122-40F3-96EC-249D24227537}.Release|Any CPU.ActiveCfg = Release|Any CPU
		{C07B59EA-3122-40F3-96EC-249D24227537}.Release|Any CPU.Build.0 = Release|Any CPU
		{4418C899-D912-41CA-BF7A-4B762FAC4876}.Debug|Any CPU.ActiveCfg = Debug|Any CPU
		{4418C899-D912-41CA-BF7A-4B762FAC4876}.Debug|Any CPU.Build.0 = Debug|Any CPU
		{4418C899-D912-41CA-BF7A-4B762FAC4876}.Release|Any CPU.ActiveCfg = Release|Any CPU
		{4418C899-D912-41CA-BF7A-4B762FAC4876}.Release|Any CPU.Build.0 = Release|Any CPU
		{07DFC04E-515D-4891-85F2-1341B2A43ED6}.Debug|Any CPU.ActiveCfg = Debug|Any CPU
		{07DFC04E-515D-4891-85F2-1341B2A43ED6}.Debug|Any CPU.Build.0 = Debug|Any CPU
		{07DFC04E-515D-4891-85F2-1341B2A43ED6}.Release|Any CPU.ActiveCfg = Release|Any CPU
		{07DFC04E-515D-4891-85F2-1341B2A43ED6}.Release|Any CPU.Build.0 = Release|Any CPU
	EndGlobalSection
	GlobalSection(SolutionProperties) = preSolution
		HideSolutionNode = FALSE
	EndGlobalSection
	GlobalSection(ExtensibilityGlobals) = postSolution
		SolutionGuid = {E3CC1EFE-CF4C-4411-9593-1D4B49AB8E1A}
	EndGlobalSection
EndGlobal
